
Microsoft Visual Studio Solution File, Format Version 12.00
# Visual Studio Version 17
VisualStudioVersion = 17.6.33815.320
MinimumVisualStudioVersion = 10.0.40219.1
Project("{FAE04EC0-301F-11D3-BF4B-00C04F79EFBC}") = "Lab1ex1", "Lab1ex1\Lab1ex1.csproj", "{2F67B7AA-DEC0-4460-8089-12EFC177A247}"
EndProject
Global
	GlobalSection(SolutionConfigurationPlatforms) = preSolution
		Debug|Any CPU = Debug|Any CPU
		Release|Any CPU = Release|Any CPU
	EndGlobalSection
	GlobalSection(ProjectConfigurationPlatforms) = postSolution
		{2F67B7AA-DEC0-4460-8089-12EFC177A247}.Debug|Any CPU.ActiveCfg = Debug|Any CPU
		{2F67B7AA-DEC0-4460-8089-12EFC177A247}.Debug|Any CPU.Build.0 = Debug|Any CPU
		{2F67B7AA-DEC0-4460-8089-12EFC177A247}.Release|Any CPU.ActiveCfg = Release|Any CPU
		{2F67B7AA-DEC0-4460-8089-12EFC177A247}.Release|Any CPU.Build.0 = Release|Any CPU
	EndGlobalSection
	GlobalSection(SolutionProperties) = preSolution
		HideSolutionNode = FALSE
	EndGlobalSection
	GlobalSection(ExtensibilityGlobals) = postSolution
		SolutionGuid = {A1A0E328-1442-4634-AACC-AEB2C2D4E9B7}
	EndGlobalSection
EndGlobal
